// !$*UTF8*$!
{
	archiveVersion = 1;
	classes = {
	};
	objectVersion = 56;
	objects = {

/* Begin PBXBuildFile section */
		7386BCE2293E5C8400E8842F /* FructusApp.swift in Sources */ = {isa = PBXBuildFile; fileRef = 7386BCE1293E5C8400E8842F /* FructusApp.swift */; };
		7386BCE4293E5C8400E8842F /* ContentView.swift in Sources */ = {isa = PBXBuildFile; fileRef = 7386BCE3293E5C8400E8842F /* ContentView.swift */; };
		7386BCE6293E5C8700E8842F /* Assets.xcassets in Resources */ = {isa = PBXBuildFile; fileRef = 7386BCE5293E5C8700E8842F /* Assets.xcassets */; };
		7386BCE9293E5C8700E8842F /* Preview Assets.xcassets in Resources */ = {isa = PBXBuildFile; fileRef = 7386BCE8293E5C8700E8842F /* Preview Assets.xcassets */; };
		7386BCF2293F465A00E8842F /* FruitCardView.swift in Sources */ = {isa = PBXBuildFile; fileRef = 7386BCF1293F465A00E8842F /* FruitCardView.swift */; };
		7386BCF4293F4A9500E8842F /* StartButtonView.swift in Sources */ = {isa = PBXBuildFile; fileRef = 7386BCF3293F4A9500E8842F /* StartButtonView.swift */; };
		7386BCF6293F4D9700E8842F /* OnboardingView.swift in Sources */ = {isa = PBXBuildFile; fileRef = 7386BCF5293F4D9700E8842F /* OnboardingView.swift */; };
		7386BCF9293F6B5600E8842F /* FruitModel.swift in Sources */ = {isa = PBXBuildFile; fileRef = 7386BCF8293F6B5600E8842F /* FruitModel.swift */; };
		7386BCFC293F6C7800E8842F /* FruitData.swift in Sources */ = {isa = PBXBuildFile; fileRef = 7386BCFB293F6C7800E8842F /* FruitData.swift */; };
		7386BCFE294081A300E8842F /* FruitRowView.swift in Sources */ = {isa = PBXBuildFile; fileRef = 7386BCFD294081A300E8842F /* FruitRowView.swift */; };
		7386BD002940857100E8842F /* FruitDetailView.swift in Sources */ = {isa = PBXBuildFile; fileRef = 7386BCFF2940857100E8842F /* FruitDetailView.swift */; };
		7386BD022940884800E8842F /* FruitHeaderView.swift in Sources */ = {isa = PBXBuildFile; fileRef = 7386BD012940884800E8842F /* FruitHeaderView.swift */; };
		7386BD0429408A9F00E8842F /* SourceLinkView.swift in Sources */ = {isa = PBXBuildFile; fileRef = 7386BD0329408A9F00E8842F /* SourceLinkView.swift */; };
		7386BD0629408DC000E8842F /* FruitNutrientsView.swift in Sources */ = {isa = PBXBuildFile; fileRef = 7386BD0529408DC000E8842F /* FruitNutrientsView.swift */; };
		7386BD082940A26000E8842F /* SettingsView.swift in Sources */ = {isa = PBXBuildFile; fileRef = 7386BD072940A26000E8842F /* SettingsView.swift */; };
		7386BD0A2940B1AA00E8842F /* SettingsLabelView.swift in Sources */ = {isa = PBXBuildFile; fileRef = 7386BD092940B1AA00E8842F /* SettingsLabelView.swift */; };
		7386BD0C2940B50100E8842F /* SettingsRowView.swift in Sources */ = {isa = PBXBuildFile; fileRef = 7386BD0B2940B50100E8842F /* SettingsRowView.swift */; };
/* End PBXBuildFile section */

/* Begin PBXFileReference section */
		7386BCDE293E5C8400E8842F /* Fructus.app */ = {isa = PBXFileReference; explicitFileType = wrapper.application; includeInIndex = 0; path = Fructus.app; sourceTree = BUILT_PRODUCTS_DIR; };
		7386BCE1293E5C8400E8842F /* FructusApp.swift */ = {isa = PBXFileReference; lastKnownFileType = sourcecode.swift; path = FructusApp.swift; sourceTree = "<group>"; };
		7386BCE3293E5C8400E8842F /* ContentView.swift */ = {isa = PBXFileReference; lastKnownFileType = sourcecode.swift; path = ContentView.swift; sourceTree = "<group>"; };
		7386BCE5293E5C8700E8842F /* Assets.xcassets */ = {isa = PBXFileReference; lastKnownFileType = folder.assetcatalog; path = Assets.xcassets; sourceTree = "<group>"; };
		7386BCE8293E5C8700E8842F /* Preview Assets.xcassets */ = {isa = PBXFileReference; lastKnownFileType = folder.assetcatalog; path = "Preview Assets.xcassets"; sourceTree = "<group>"; };
		7386BCF1293F465A00E8842F /* FruitCardView.swift */ = {isa = PBXFileReference; lastKnownFileType = sourcecode.swift; path = FruitCardView.swift; sourceTree = "<group>"; };
		7386BCF3293F4A9500E8842F /* StartButtonView.swift */ = {isa = PBXFileReference; lastKnownFileType = sourcecode.swift; path = StartButtonView.swift; sourceTree = "<group>"; };
		7386BCF5293F4D9700E8842F /* OnboardingView.swift */ = {isa = PBXFileReference; lastKnownFileType = sourcecode.swift; path = OnboardingView.swift; sourceTree = "<group>"; };
		7386BCF8293F6B5600E8842F /* FruitModel.swift */ = {isa = PBXFileReference; lastKnownFileType = sourcecode.swift; path = FruitModel.swift; sourceTree = "<group>"; };
		7386BCFB293F6C7800E8842F /* FruitData.swift */ = {isa = PBXFileReference; lastKnownFileType = sourcecode.swift; path = FruitData.swift; sourceTree = "<group>"; };
		7386BCFD294081A300E8842F /* FruitRowView.swift */ = {isa = PBXFileReference; lastKnownFileType = sourcecode.swift; path = FruitRowView.swift; sourceTree = "<group>"; };
		7386BCFF2940857100E8842F /* FruitDetailView.swift */ = {isa = PBXFileReference; lastKnownFileType = sourcecode.swift; path = FruitDetailView.swift; sourceTree = "<group>"; };
		7386BD012940884800E8842F /* FruitHeaderView.swift */ = {isa = PBXFileReference; lastKnownFileType = sourcecode.swift; path = FruitHeaderView.swift; sourceTree = "<group>"; };
		7386BD0329408A9F00E8842F /* SourceLinkView.swift */ = {isa = PBXFileReference; lastKnownFileType = sourcecode.swift; path = SourceLinkView.swift; sourceTree = "<group>"; };
		7386BD0529408DC000E8842F /* FruitNutrientsView.swift */ = {isa = PBXFileReference; lastKnownFileType = sourcecode.swift; path = FruitNutrientsView.swift; sourceTree = "<group>"; };
		7386BD072940A26000E8842F /* SettingsView.swift */ = {isa = PBXFileReference; lastKnownFileType = sourcecode.swift; path = SettingsView.swift; sourceTree = "<group>"; };
		7386BD092940B1AA00E8842F /* SettingsLabelView.swift */ = {isa = PBXFileReference; lastKnownFileType = sourcecode.swift; path = SettingsLabelView.swift; sourceTree = "<group>"; };
		7386BD0B2940B50100E8842F /* SettingsRowView.swift */ = {isa = PBXFileReference; lastKnownFileType = sourcecode.swift; path = SettingsRowView.swift; sourceTree = "<group>"; };
/* End PBXFileReference section */

/* Begin PBXFrameworksBuildPhase section */
		7386BCDB293E5C8400E8842F /* Frameworks */ = {
			isa = PBXFrameworksBuildPhase;
			buildActionMask = 2147483647;
			files = (
			);
			runOnlyForDeploymentPostprocessing = 0;
		};
/* End PBXFrameworksBuildPhase section */

/* Begin PBXGroup section */
		7386BCD5293E5C8300E8842F = {
			isa = PBXGroup;
			children = (
				7386BCE0293E5C8400E8842F /* Fructus */,
				7386BCDF293E5C8400E8842F /* Products */,
			);
			sourceTree = "<group>";
		};
		7386BCDF293E5C8400E8842F /* Products */ = {
			isa = PBXGroup;
			children = (
				7386BCDE293E5C8400E8842F /* Fructus.app */,
			);
			name = Products;
			sourceTree = "<group>";
		};
		7386BCE0293E5C8400E8842F /* Fructus */ = {
			isa = PBXGroup;
			children = (
				7386BCFA293F6C4400E8842F /* Data */,
				7386BCF7293F6B4000E8842F /* Model */,
				7386BCF0293F462C00E8842F /* View */,
				7386BCEF293F454C00E8842F /* App */,
				7386BCE5293E5C8700E8842F /* Assets.xcassets */,
				7386BCE7293E5C8700E8842F /* Preview Content */,
			);
			path = Fructus;
			sourceTree = "<group>";
		};
		7386BCE7293E5C8700E8842F /* Preview Content */ = {
			isa = PBXGroup;
			children = (
				7386BCE8293E5C8700E8842F /* Preview Assets.xcassets */,
			);
			path = "Preview Content";
			sourceTree = "<group>";
		};
		7386BCEF293F454C00E8842F /* App */ = {
			isa = PBXGroup;
			children = (
				7386BCE1293E5C8400E8842F /* FructusApp.swift */,
				7386BCE3293E5C8400E8842F /* ContentView.swift */,
				7386BCF5293F4D9700E8842F /* OnboardingView.swift */,
				7386BD072940A26000E8842F /* SettingsView.swift */,
			);
			path = App;
			sourceTree = "<group>";
		};
		7386BCF0293F462C00E8842F /* View */ = {
			isa = PBXGroup;
			children = (
				7386BCF1293F465A00E8842F /* FruitCardView.swift */,
				7386BCF3293F4A9500E8842F /* StartButtonView.swift */,
				7386BCFD294081A300E8842F /* FruitRowView.swift */,
				7386BCFF2940857100E8842F /* FruitDetailView.swift */,
				7386BD012940884800E8842F /* FruitHeaderView.swift */,
				7386BD0329408A9F00E8842F /* SourceLinkView.swift */,
				7386BD0529408DC000E8842F /* FruitNutrientsView.swift */,
				7386BD092940B1AA00E8842F /* SettingsLabelView.swift */,
				7386BD0B2940B50100E8842F /* SettingsRowView.swift */,
			);
			path = View;
			sourceTree = "<group>";
		};
		7386BCF7293F6B4000E8842F /* Model */ = {
			isa = PBXGroup;
			children = (
				7386BCF8293F6B5600E8842F /* FruitModel.swift */,
			);
			path = Model;
			sourceTree = "<group>";
		};
		7386BCFA293F6C4400E8842F /* Data */ = {
			isa = PBXGroup;
			children = (
				7386BCFB293F6C7800E8842F /* FruitData.swift */,
			);
			path = Data;
			sourceTree = "<group>";
		};
/* End PBXGroup section */

/* Begin PBXNativeTarget section */
		7386BCDD293E5C8400E8842F /* Fructus */ = {
			isa = PBXNativeTarget;
			buildConfigurationList = 7386BCEC293E5C8800E8842F /* Build configuration list for PBXNativeTarget "Fructus" */;
			buildPhases = (
				7386BCDA293E5C8400E8842F /* Sources */,
				7386BCDB293E5C8400E8842F /* Frameworks */,
				7386BCDC293E5C8400E8842F /* Resources */,
			);
			buildRules = (
			);
			dependencies = (
			);
			name = Fructus;
			productName = Fructus;
			productReference = 7386BCDE293E5C8400E8842F /* Fructus.app */;
			productType = "com.apple.product-type.application";
		};
/* End PBXNativeTarget section */

/* Begin PBXProject section */
		7386BCD6293E5C8300E8842F /* Project object */ = {
			isa = PBXProject;
			attributes = {
				BuildIndependentTargetsInParallel = 1;
				LastSwiftUpdateCheck = 1400;
				LastUpgradeCheck = 1400;
				TargetAttributes = {
					7386BCDD293E5C8400E8842F = {
						CreatedOnToolsVersion = 14.0.1;
					};
				};
			};
			buildConfigurationList = 7386BCD9293E5C8300E8842F /* Build configuration list for PBXProject "Fructus" */;
			compatibilityVersion = "Xcode 14.0";
			developmentRegion = en;
			hasScannedForEncodings = 0;
			knownRegions = (
				en,
				Base,
			);
			mainGroup = 7386BCD5293E5C8300E8842F;
			productRefGroup = 7386BCDF293E5C8400E8842F /* Products */;
			projectDirPath = "";
			projectRoot = "";
			targets = (
				7386BCDD293E5C8400E8842F /* Fructus */,
			);
		};
/* End PBXProject section */

/* Begin PBXResourcesBuildPhase section */
		7386BCDC293E5C8400E8842F /* Resources */ = {
			isa = PBXResourcesBuildPhase;
			buildActionMask = 2147483647;
			files = (
				7386BCE9293E5C8700E8842F /* Preview Assets.xcassets in Resources */,
				7386BCE6293E5C8700E8842F /* Assets.xcassets in Resources */,
			);
			runOnlyForDeploymentPostprocessing = 0;
		};
/* End PBXResourcesBuildPhase section */

/* Begin PBXSourcesBuildPhase section */
		7386BCDA293E5C8400E8842F /* Sources */ = {
			isa = PBXSourcesBuildPhase;
			buildActionMask = 2147483647;
			files = (
				7386BD082940A26000E8842F /* SettingsView.swift in Sources */,
				7386BCFC293F6C7800E8842F /* FruitData.swift in Sources */,
				7386BD0C2940B50100E8842F /* SettingsRowView.swift in Sources */,
				7386BD0429408A9F00E8842F /* SourceLinkView.swift in Sources */,
				7386BCF2293F465A00E8842F /* FruitCardView.swift in Sources */,
				7386BCFE294081A300E8842F /* FruitRowView.swift in Sources */,
				7386BD0629408DC000E8842F /* FruitNutrientsView.swift in Sources */,
				7386BCF4293F4A9500E8842F /* StartButtonView.swift in Sources */,
				7386BD002940857100E8842F /* FruitDetailView.swift in Sources */,
				7386BCE4293E5C8400E8842F /* ContentView.swift in Sources */,
				7386BD0A2940B1AA00E8842F /* SettingsLabelView.swift in Sources */,
				7386BD022940884800E8842F /* FruitHeaderView.swift in Sources */,
				7386BCF6293F4D9700E8842F /* OnboardingView.swift in Sources */,
				7386BCF9293F6B5600E8842F /* FruitModel.swift in Sources */,
				7386BCE2293E5C8400E8842F /* FructusApp.swift in Sources */,
			);
			runOnlyForDeploymentPostprocessing = 0;
		};
/* End PBXSourcesBuildPhase section */

/* Begin XCBuildConfiguration section */
		7386BCEA293E5C8700E8842F /* Debug */ = {
			isa = XCBuildConfiguration;
			buildSettings = {
				ALWAYS_SEARCH_USER_PATHS = NO;
				CLANG_ANALYZER_NONNULL = YES;
				CLANG_ANALYZER_NUMBER_OBJECT_CONVERSION = YES_AGGRESSIVE;
				CLANG_CXX_LANGUAGE_STANDARD = "gnu++20";
				CLANG_ENABLE_MODULES = YES;
				CLANG_ENABLE_OBJC_ARC = YES;
				CLANG_ENABLE_OBJC_WEAK = YES;
				CLANG_WARN_BLOCK_CAPTURE_AUTORELEASING = YES;
				CLANG_WARN_BOOL_CONVERSION = YES;
				CLANG_WARN_COMMA = YES;
				CLANG_WARN_CONSTANT_CONVERSION = YES;
				CLANG_WARN_DEPRECATED_OBJC_IMPLEMENTATIONS = YES;
				CLANG_WARN_DIRECT_OBJC_ISA_USAGE = YES_ERROR;
				CLANG_WARN_DOCUMENTATION_COMMENTS = YES;
				CLANG_WARN_EMPTY_BODY = YES;
				CLANG_WARN_ENUM_CONVERSION = YES;
				CLANG_WARN_INFINITE_RECURSION = YES;
				CLANG_WARN_INT_CONVERSION = YES;
				CLANG_WARN_NON_LITERAL_NULL_CONVERSION = YES;
				CLANG_WARN_OBJC_IMPLICIT_RETAIN_SELF = YES;
				CLANG_WARN_OBJC_LITERAL_CONVERSION = YES;
				CLANG_WARN_OBJC_ROOT_CLASS = YES_ERROR;
				CLANG_WARN_QUOTED_INCLUDE_IN_FRAMEWORK_HEADER = YES;
				CLANG_WARN_RANGE_LOOP_ANALYSIS = YES;
				CLANG_WARN_STRICT_PROTOTYPES = YES;
				CLANG_WARN_SUSPICIOUS_MOVE = YES;
				CLANG_WARN_UNGUARDED_AVAILABILITY = YES_AGGRESSIVE;
				CLANG_WARN_UNREACHABLE_CODE = YES;
				CLANG_WARN__DUPLICATE_METHOD_MATCH = YES;
				COPY_PHASE_STRIP = NO;
				DEBUG_INFORMATION_FORMAT = dwarf;
				ENABLE_STRICT_OBJC_MSGSEND = YES;
				ENABLE_TESTABILITY = YES;
				GCC_C_LANGUAGE_STANDARD = gnu11;
				GCC_DYNAMIC_NO_PIC = NO;
				GCC_NO_COMMON_BLOCKS = YES;
				GCC_OPTIMIZATION_LEVEL = 0;
				GCC_PREPROCESSOR_DEFINITIONS = (
					"DEBUG=1",
					"$(inherited)",
				);
				GCC_WARN_64_TO_32_BIT_CONVERSION = YES;
				GCC_WARN_ABOUT_RETURN_TYPE = YES_ERROR;
				GCC_WARN_UNDECLARED_SELECTOR = YES;
				GCC_WARN_UNINITIALIZED_AUTOS = YES_AGGRESSIVE;
				GCC_WARN_UNUSED_FUNCTION = YES;
				GCC_WARN_UNUSED_VARIABLE = YES;
				IPHONEOS_DEPLOYMENT_TARGET = 16.0;
				MTL_ENABLE_DEBUG_INFO = INCLUDE_SOURCE;
				MTL_FAST_MATH = YES;
				ONLY_ACTIVE_ARCH = YES;
				SDKROOT = iphoneos;
				SWIFT_ACTIVE_COMPILATION_CONDITIONS = DEBUG;
				SWIFT_OPTIMIZATION_LEVEL = "-Onone";
			};
			name = Debug;
		};
		7386BCEB293E5C8700E8842F /* Release */ = {
			isa = XCBuildConfiguration;
			buildSettings = {
				ALWAYS_SEARCH_USER_PATHS = NO;
				CLANG_ANALYZER_NONNULL = YES;
				CLANG_ANALYZER_NUMBER_OBJECT_CONVERSION = YES_AGGRESSIVE;
				CLANG_CXX_LANGUAGE_STANDARD = "gnu++20";
				CLANG_ENABLE_MODULES = YES;
				CLANG_ENABLE_OBJC_ARC = YES;
				CLANG_ENABLE_OBJC_WEAK = YES;
				CLANG_WARN_BLOCK_CAPTURE_AUTORELEASING = YES;
				CLANG_WARN_BOOL_CONVERSION = YES;
				CLANG_WARN_COMMA = YES;
				CLANG_WARN_CONSTANT_CONVERSION = YES;
				CLANG_WARN_DEPRECATED_OBJC_IMPLEMENTATIONS = YES;
				CLANG_WARN_DIRECT_OBJC_ISA_USAGE = YES_ERROR;
				CLANG_WARN_DOCUMENTATION_COMMENTS = YES;
				CLANG_WARN_EMPTY_BODY = YES;
				CLANG_WARN_ENUM_CONVERSION = YES;
				CLANG_WARN_INFINITE_RECURSION = YES;
				CLANG_WARN_INT_CONVERSION = YES;
				CLANG_WARN_NON_LITERAL_NULL_CONVERSION = YES;
				CLANG_WARN_OBJC_IMPLICIT_RETAIN_SELF = YES;
				CLANG_WARN_OBJC_LITERAL_CONVERSION = YES;
				CLANG_WARN_OBJC_ROOT_CLASS = YES_ERROR;
				CLANG_WARN_QUOTED_INCLUDE_IN_FRAMEWORK_HEADER = YES;
				CLANG_WARN_RANGE_LOOP_ANALYSIS = YES;
				CLANG_WARN_STRICT_PROTOTYPES = YES;
				CLANG_WARN_SUSPICIOUS_MOVE = YES;
				CLANG_WARN_UNGUARDED_AVAILABILITY = YES_AGGRESSIVE;
				CLANG_WARN_UNREACHABLE_CODE = YES;
				CLANG_WARN__DUPLICATE_METHOD_MATCH = YES;
				COPY_PHASE_STRIP = NO;
				DEBUG_INFORMATION_FORMAT = "dwarf-with-dsym";
				ENABLE_NS_ASSERTIONS = NO;
				ENABLE_STRICT_OBJC_MSGSEND = YES;
				GCC_C_LANGUAGE_STANDARD = gnu11;
				GCC_NO_COMMON_BLOCKS = YES;
				GCC_WARN_64_TO_32_BIT_CONVERSION = YES;
				GCC_WARN_ABOUT_RETURN_TYPE = YES_ERROR;
				GCC_WARN_UNDECLARED_SELECTOR = YES;
				GCC_WARN_UNINITIALIZED_AUTOS = YES_AGGRESSIVE;
				GCC_WARN_UNUSED_FUNCTION = YES;
				GCC_WARN_UNUSED_VARIABLE = YES;
				IPHONEOS_DEPLOYMENT_TARGET = 16.0;
				MTL_ENABLE_DEBUG_INFO = NO;
				MTL_FAST_MATH = YES;
				SDKROOT = iphoneos;
				SWIFT_COMPILATION_MODE = wholemodule;
				SWIFT_OPTIMIZATION_LEVEL = "-O";
				VALIDATE_PRODUCT = YES;
			};
			name = Release;
		};
		7386BCED293E5C8800E8842F /* Debug */ = {
			isa = XCBuildConfiguration;
			buildSettings = {
				ASSETCATALOG_COMPILER_APPICON_NAME = AppIcon;
				ASSETCATALOG_COMPILER_GLOBAL_ACCENT_COLOR_NAME = AccentColor;
				CODE_SIGN_STYLE = Automatic;
				CURRENT_PROJECT_VERSION = 1;
				DEVELOPMENT_ASSET_PATHS = "\"Fructus/Preview Content\"";
				DEVELOPMENT_TEAM = 5K5U64U7T6;
				ENABLE_PREVIEWS = YES;
				GENERATE_INFOPLIST_FILE = YES;
				INFOPLIST_KEY_UIApplicationSceneManifest_Generation = YES;
				INFOPLIST_KEY_UIApplicationSupportsIndirectInputEvents = YES;
				INFOPLIST_KEY_UILaunchScreen_Generation = YES;
				INFOPLIST_KEY_UISupportedInterfaceOrientations = UIInterfaceOrientationPortrait;
				IPHONEOS_DEPLOYMENT_TARGET = 15.0;
				LD_RUNPATH_SEARCH_PATHS = (
					"$(inherited)",
					"@executable_path/Frameworks",
				);
				MARKETING_VERSION = 1.0;
				PRODUCT_BUNDLE_IDENTIFIER = afacar.Fructus;
				PRODUCT_NAME = "$(TARGET_NAME)";
				SWIFT_EMIT_LOC_STRINGS = YES;
				SWIFT_VERSION = 5.0;
				TARGETED_DEVICE_FAMILY = "1,2";
			};
			name = Debug;
		};
		7386BCEE293E5C8800E8842F /* Release */ = {
			isa = XCBuildConfiguration;
			buildSettings = {
				ASSETCATALOG_COMPILER_APPICON_NAME = AppIcon;
				ASSETCATALOG_COMPILER_GLOBAL_ACCENT_COLOR_NAME = AccentColor;
				CODE_SIGN_STYLE = Automatic;
				CURRENT_PROJECT_VERSION = 1;
				DEVELOPMENT_ASSET_PATHS = "\"Fructus/Preview Content\"";
				DEVELOPMENT_TEAM = 5K5U64U7T6;
				ENABLE_PREVIEWS = YES;
				GENERATE_INFOPLIST_FILE = YES;
				INFOPLIST_KEY_UIApplicationSceneManifest_Generation = YES;
				INFOPLIST_KEY_UIApplicationSupportsIndirectInputEvents = YES;
				INFOPLIST_KEY_UILaunchScreen_Generation = YES;
				INFOPLIST_KEY_UISupportedInterfaceOrientations = UIInterfaceOrientationPortrait;
				IPHONEOS_DEPLOYMENT_TARGET = 15.0;
				LD_RUNPATH_SEARCH_PATHS = (
					"$(inherited)",
					"@executable_path/Frameworks",
				);
				MARKETING_VERSION = 1.0;
				PRODUCT_BUNDLE_IDENTIFIER = afacar.Fructus;
				PRODUCT_NAME = "$(TARGET_NAME)";
				SWIFT_EMIT_LOC_STRINGS = YES;
				SWIFT_VERSION = 5.0;
				TARGETED_DEVICE_FAMILY = "1,2";
			};
			name = Release;
		};
/* End XCBuildConfiguration section */

/* Begin XCConfigurationList section */
		7386BCD9293E5C8300E8842F /* Build configuration list for PBXProject "Fructus" */ = {
			isa = XCConfigurationList;
			buildConfigurations = (
				7386BCEA293E5C8700E8842F /* Debug */,
				7386BCEB293E5C8700E8842F /* Release */,
			);
			defaultConfigurationIsVisible = 0;
			defaultConfigurationName = Release;
		};
		7386BCEC293E5C8800E8842F /* Build configuration list for PBXNativeTarget "Fructus" */ = {
			isa = XCConfigurationList;
			buildConfigurations = (
				7386BCED293E5C8800E8842F /* Debug */,
				7386BCEE293E5C8800E8842F /* Release */,
			);
			defaultConfigurationIsVisible = 0;
			defaultConfigurationName = Release;
		};
/* End XCConfigurationList section */
	};
	rootObject = 7386BCD6293E5C8300E8842F /* Project object */;
}
